
Microsoft Visual Studio Solution File, Format Version 12.00
# Visual Studio Version 16
VisualStudioVersion = 16.0.29215.179
MinimumVisualStudioVersion = 10.0.40219.1
Project("{FAE04EC0-301F-11D3-BF4B-00C04F79EFBC}") = "choose your own adventure", "choose your own adventure\choose your own adventure.csproj", "{B2D6E1B2-1227-447F-AF79-6657FB4D489A}"
EndProject
Global
	GlobalSection(SolutionConfigurationPlatforms) = preSolution
		Debug|Any CPU = Debug|Any CPU
		Release|Any CPU = Release|Any CPU
	EndGlobalSection
	GlobalSection(ProjectConfigurationPlatforms) = postSolution
		{B2D6E1B2-1227-447F-AF79-6657FB4D489A}.Debug|Any CPU.ActiveCfg = Debug|Any CPU
		{B2D6E1B2-1227-447F-AF79-6657FB4D489A}.Debug|Any CPU.Build.0 = Debug|Any CPU
		{B2D6E1B2-1227-447F-AF79-6657FB4D489A}.Release|Any CPU.ActiveCfg = Release|Any CPU
		{B2D6E1B2-1227-447F-AF79-6657FB4D489A}.Release|Any CPU.Build.0 = Release|Any CPU
	EndGlobalSection
	GlobalSection(SolutionProperties) = preSolution
		HideSolutionNode = FALSE
	EndGlobalSection
	GlobalSection(ExtensibilityGlobals) = postSolution
		SolutionGuid = {06B5FD51-3A51-4930-8D65-61AC6A72C1DE}
	EndGlobalSection
EndGlobal
